
Microsoft Visual Studio Solution File, Format Version 12.00
# Visual Studio Version 16
VisualStudioVersion = 16.0.30804.86
MinimumVisualStudioVersion = 10.0.40219.1
Project("{FAE04EC0-301F-11D3-BF4B-00C04F79EFBC}") = "UPSCodeTest", "UPSCodeTest.csproj", "{1068A1D5-B4A3-42EE-94FF-23103E9F0779}"
EndProject
Global
	GlobalSection(SolutionConfigurationPlatforms) = preSolution
		Debug|Any CPU = Debug|Any CPU
		Release|Any CPU = Release|Any CPU
	EndGlobalSection
	GlobalSection(ProjectConfigurationPlatforms) = postSolution
		{1068A1D5-B4A3-42EE-94FF-23103E9F0779}.Debug|Any CPU.ActiveCfg = Debug|Any CPU
		{1068A1D5-B4A3-42EE-94FF-23103E9F0779}.Debug|Any CPU.Build.0 = Debug|Any CPU
		{1068A1D5-B4A3-42EE-94FF-23103E9F0779}.Release|Any CPU.ActiveCfg = Release|Any CPU
		{1068A1D5-B4A3-42EE-94FF-23103E9F0779}.Release|Any CPU.Build.0 = Release|Any CPU
	EndGlobalSection
	GlobalSection(SolutionProperties) = preSolution
		HideSolutionNode = FALSE
	EndGlobalSection
	GlobalSection(ExtensibilityGlobals) = postSolution
		SolutionGuid = {9D1AD293-C86C-4EB9-B723-A097F7C2EE90}
	EndGlobalSection
EndGlobal
